// !$*UTF8*$!
{
	archiveVersion = 1;
	classes = {
	};
	objectVersion = 77;
	objects = {

/* Begin PBXBuildFile section */
		AB32ECD22DE736090067D365 /* GoogleService-Info.plist in Resources */ = {isa = PBXBuildFile; fileRef = AB32ECD12DE736090067D365 /* GoogleService-Info.plist */; };
		AB44262B2DEDF2CA0044EB31 /* FirebaseAuth in Frameworks */ = {isa = PBXBuildFile; productRef = AB44262A2DEDF2CA0044EB31 /* FirebaseAuth */; };
		AB44262D2DEDF2CA0044EB31 /* FirebaseFirestore in Frameworks */ = {isa = PBXBuildFile; productRef = AB44262C2DEDF2CA0044EB31 /* FirebaseFirestore */; };
		AB44262F2DEDF2CA0044EB31 /* FirebaseStorage in Frameworks */ = {isa = PBXBuildFile; productRef = AB44262E2DEDF2CA0044EB31 /* FirebaseStorage */; };
/* End PBXBuildFile section */

/* Begin PBXContainerItemProxy section */
		AB32ECAC2DE72A600067D365 /* PBXContainerItemProxy */ = {
			isa = PBXContainerItemProxy;
			containerPortal = AB32EC962DE72A5F0067D365 /* Project object */;
			proxyType = 1;
			remoteGlobalIDString = AB32EC9D2DE72A5F0067D365;
			remoteInfo = Nexus;
		};
		AB32ECB62DE72A600067D365 /* PBXContainerItemProxy */ = {
			isa = PBXContainerItemProxy;
			containerPortal = AB32EC962DE72A5F0067D365 /* Project object */;
			proxyType = 1;
			remoteGlobalIDString = AB32EC9D2DE72A5F0067D365;
			remoteInfo = Nexus;
		};
/* End PBXContainerItemProxy section */

/* Begin PBXFileReference section */
		AB32EC9E2DE72A5F0067D365 /* Nexus.app */ = {isa = PBXFileReference; explicitFileType = wrapper.application; includeInIndex = 0; path = Nexus.app; sourceTree = BUILT_PRODUCTS_DIR; };
		AB32ECAB2DE72A600067D365 /* NexusTests.xctest */ = {isa = PBXFileReference; explicitFileType = wrapper.cfbundle; includeInIndex = 0; path = NexusTests.xctest; sourceTree = BUILT_PRODUCTS_DIR; };
		AB32ECB52DE72A600067D365 /* NexusUITests.xctest */ = {isa = PBXFileReference; explicitFileType = wrapper.cfbundle; includeInIndex = 0; path = NexusUITests.xctest; sourceTree = BUILT_PRODUCTS_DIR; };
		AB32ECD12DE736090067D365 /* GoogleService-Info.plist */ = {isa = PBXFileReference; lastKnownFileType = text.plist.xml; path = "GoogleService-Info.plist"; sourceTree = "<group>"; };
/* End PBXFileReference section */

/* Begin PBXFileSystemSynchronizedRootGroup section */
		AB32ECA02DE72A5F0067D365 /* Nexus */ = {
			isa = PBXFileSystemSynchronizedRootGroup;
			path = Nexus;
			sourceTree = "<group>";
		};
		AB32ECAE2DE72A600067D365 /* NexusTests */ = {
			isa = PBXFileSystemSynchronizedRootGroup;
			path = NexusTests;
			sourceTree = "<group>";
		};
		AB32ECB82DE72A600067D365 /* NexusUITests */ = {
			isa = PBXFileSystemSynchronizedRootGroup;
			path = NexusUITests;
			sourceTree = "<group>";
		};
/* End PBXFileSystemSynchronizedRootGroup section */

/* Begin PBXFrameworksBuildPhase section */
		AB32EC9B2DE72A5F0067D365 /* Frameworks */ = {
			isa = PBXFrameworksBuildPhase;
			buildActionMask = 2147483647;
			files = (
				AB44262B2DEDF2CA0044EB31 /* FirebaseAuth in Frameworks */,
				AB44262D2DEDF2CA0044EB31 /* FirebaseFirestore in Frameworks */,
				AB44262F2DEDF2CA0044EB31 /* FirebaseStorage in Frameworks */,
			);
			runOnlyForDeploymentPostprocessing = 0;
		};
		AB32ECA82DE72A600067D365 /* Frameworks */ = {
			isa = PBXFrameworksBuildPhase;
			buildActionMask = 2147483647;
			files = (
			);
			runOnlyForDeploymentPostprocessing = 0;
		};
		AB32ECB22DE72A600067D365 /* Frameworks */ = {
			isa = PBXFrameworksBuildPhase;
			buildActionMask = 2147483647;
			files = (
			);
			runOnlyForDeploymentPostprocessing = 0;
		};
/* End PBXFrameworksBuildPhase section */

/* Begin PBXGroup section */
		AB32EC952DE72A5F0067D365 = {
			isa = PBXGroup;
			children = (
				AB32ECA02DE72A5F0067D365 /* Nexus */,
				AB32ECAE2DE72A600067D365 /* NexusTests */,
				AB32ECB82DE72A600067D365 /* NexusUITests */,
				AB32EC9F2DE72A5F0067D365 /* Products */,
				AB32ECD12DE736090067D365 /* GoogleService-Info.plist */,
			);
			sourceTree = "<group>";
		};
		AB32EC9F2DE72A5F0067D365 /* Products */ = {
			isa = PBXGroup;
			children = (
				AB32EC9E2DE72A5F0067D365 /* Nexus.app */,
				AB32ECAB2DE72A600067D365 /* NexusTests.xctest */,
				AB32ECB52DE72A600067D365 /* NexusUITests.xctest */,
			);
			name = Products;
			sourceTree = "<group>";
		};
/* End PBXGroup section */

/* Begin PBXNativeTarget section */
		AB32EC9D2DE72A5F0067D365 /* Nexus */ = {
			isa = PBXNativeTarget;
			buildConfigurationList = AB32ECBF2DE72A600067D365 /* Build configuration list for PBXNativeTarget "Nexus" */;
			buildPhases = (
				AB32EC9A2DE72A5F0067D365 /* Sources */,
				AB32EC9B2DE72A5F0067D365 /* Frameworks */,
				AB32EC9C2DE72A5F0067D365 /* Resources */,
			);
			buildRules = (
			);
			dependencies = (
			);
			fileSystemSynchronizedGroups = (
				AB32ECA02DE72A5F0067D365 /* Nexus */,
			);
			name = Nexus;
			packageProductDependencies = (
				AB44262A2DEDF2CA0044EB31 /* FirebaseAuth */,
				AB44262C2DEDF2CA0044EB31 /* FirebaseFirestore */,
				AB44262E2DEDF2CA0044EB31 /* FirebaseStorage */,
			);
			productName = Nexus;
			productReference = AB32EC9E2DE72A5F0067D365 /* Nexus.app */;
			productType = "com.apple.product-type.application";
		};
		AB32ECAA2DE72A600067D365 /* NexusTests */ = {
			isa = PBXNativeTarget;
			buildConfigurationList = AB32ECC22DE72A600067D365 /* Build configuration list for PBXNativeTarget "NexusTests" */;
			buildPhases = (
				AB32ECA72DE72A600067D365 /* Sources */,
				AB32ECA82DE72A600067D365 /* Frameworks */,
				AB32ECA92DE72A600067D365 /* Resources */,
			);
			buildRules = (
			);
			dependencies = (
				AB32ECAD2DE72A600067D365 /* PBXTargetDependency */,
			);
			fileSystemSynchronizedGroups = (
				AB32ECAE2DE72A600067D365 /* NexusTests */,
			);
			name = NexusTests;
			packageProductDependencies = (
			);
			productName = NexusTests;
			productReference = AB32ECAB2DE72A600067D365 /* NexusTests.xctest */;
			productType = "com.apple.product-type.bundle.unit-test";
		};
		AB32ECB42DE72A600067D365 /* NexusUITests */ = {
			isa = PBXNativeTarget;
			buildConfigurationList = AB32ECC52DE72A600067D365 /* Build configuration list for PBXNativeTarget "NexusUITests" */;
			buildPhases = (
				AB32ECB12DE72A600067D365 /* Sources */,
				AB32ECB22DE72A600067D365 /* Frameworks */,
				AB32ECB32DE72A600067D365 /* Resources */,
			);
			buildRules = (
			);
			dependencies = (
				AB32ECB72DE72A600067D365 /* PBXTargetDependency */,
			);
			fileSystemSynchronizedGroups = (
				AB32ECB82DE72A600067D365 /* NexusUITests */,
			);
			name = NexusUITests;
			packageProductDependencies = (
			);
			productName = NexusUITests;
			productReference = AB32ECB52DE72A600067D365 /* NexusUITests.xctest */;
			productType = "com.apple.product-type.bundle.ui-testing";
		};
/* End PBXNativeTarget section */

/* Begin PBXProject section */
		AB32EC962DE72A5F0067D365 /* Project object */ = {
			isa = PBXProject;
			attributes = {
				BuildIndependentTargetsInParallel = 1;
				LastSwiftUpdateCheck = 1630;
				LastUpgradeCheck = 1630;
				TargetAttributes = {
					AB32EC9D2DE72A5F0067D365 = {
						CreatedOnToolsVersion = 16.3;
					};
					AB32ECAA2DE72A600067D365 = {
						CreatedOnToolsVersion = 16.3;
						TestTargetID = AB32EC9D2DE72A5F0067D365;
					};
					AB32ECB42DE72A600067D365 = {
						CreatedOnToolsVersion = 16.3;
						TestTargetID = AB32EC9D2DE72A5F0067D365;
					};
				};
			};
			buildConfigurationList = AB32EC992DE72A5F0067D365 /* Build configuration list for PBXProject "Nexus" */;
			developmentRegion = en;
			hasScannedForEncodings = 0;
			knownRegions = (
				en,
				Base,
			);
			mainGroup = AB32EC952DE72A5F0067D365;
			minimizedProjectReferenceProxies = 1;
			packageReferences = (
				AB4426292DEDF2CA0044EB31 /* XCRemoteSwiftPackageReference "firebase-ios-sdk" */,
			);
			preferredProjectObjectVersion = 77;
			productRefGroup = AB32EC9F2DE72A5F0067D365 /* Products */;
			projectDirPath = "";
			projectRoot = "";
			targets = (
				AB32EC9D2DE72A5F0067D365 /* Nexus */,
				AB32ECAA2DE72A600067D365 /* NexusTests */,
				AB32ECB42DE72A600067D365 /* NexusUITests */,
			);
		};
/* End PBXProject section */

/* Begin PBXResourcesBuildPhase section */
		AB32EC9C2DE72A5F0067D365 /* Resources */ = {
			isa = PBXResourcesBuildPhase;
			buildActionMask = 2147483647;
			files = (
				AB32ECD22DE736090067D365 /* GoogleService-Info.plist in Resources */,
			);
			runOnlyForDeploymentPostprocessing = 0;
		};
		AB32ECA92DE72A600067D365 /* Resources */ = {
			isa = PBXResourcesBuildPhase;
			buildActionMask = 2147483647;
			files = (
			);
			runOnlyForDeploymentPostprocessing = 0;
		};
		AB32ECB32DE72A600067D365 /* Resources */ = {
			isa = PBXResourcesBuildPhase;
			buildActionMask = 2147483647;
			files = (
			);
			runOnlyForDeploymentPostprocessing = 0;
		};
/* End PBXResourcesBuildPhase section */

/* Begin PBXSourcesBuildPhase section */
		AB32EC9A2DE72A5F0067D365 /* Sources */ = {
			isa = PBXSourcesBuildPhase;
			buildActionMask = 2147483647;
			files = (
			);
			runOnlyForDeploymentPostprocessing = 0;
		};
		AB32ECA72DE72A600067D365 /* Sources */ = {
			isa = PBXSourcesBuildPhase;
			buildActionMask = 2147483647;
			files = (
			);
			runOnlyForDeploymentPostprocessing = 0;
		};
		AB32ECB12DE72A600067D365 /* Sources */ = {
			isa = PBXSourcesBuildPhase;
			buildActionMask = 2147483647;
			files = (
			);
			runOnlyForDeploymentPostprocessing = 0;
		};
/* End PBXSourcesBuildPhase section */

/* Begin PBXTargetDependency section */
		AB32ECAD2DE72A600067D365 /* PBXTargetDependency */ = {
			isa = PBXTargetDependency;
			target = AB32EC9D2DE72A5F0067D365 /* Nexus */;
			targetProxy = AB32ECAC2DE72A600067D365 /* PBXContainerItemProxy */;
		};
		AB32ECB72DE72A600067D365 /* PBXTargetDependency */ = {
			isa = PBXTargetDependency;
			target = AB32EC9D2DE72A5F0067D365 /* Nexus */;
			targetProxy = AB32ECB62DE72A600067D365 /* PBXContainerItemProxy */;
		};
/* End PBXTargetDependency section */

/* Begin XCBuildConfiguration section */
		AB32ECBD2DE72A600067D365 /* Debug */ = {
			isa = XCBuildConfiguration;
			buildSettings = {
				ALWAYS_SEARCH_USER_PATHS = NO;
				ASSETCATALOG_COMPILER_GENERATE_SWIFT_ASSET_SYMBOL_EXTENSIONS = YES;
				CLANG_ANALYZER_NONNULL = YES;
				CLANG_ANALYZER_NUMBER_OBJECT_CONVERSION = YES_AGGRESSIVE;
				CLANG_CXX_LANGUAGE_STANDARD = "gnu++20";
				CLANG_ENABLE_MODULES = YES;
				CLANG_ENABLE_OBJC_ARC = YES;
				CLANG_ENABLE_OBJC_WEAK = YES;
				CLANG_WARN_BLOCK_CAPTURE_AUTORELEASING = YES;
				CLANG_WARN_BOOL_CONVERSION = YES;
				CLANG_WARN_COMMA = YES;
				CLANG_WARN_CONSTANT_CONVERSION = YES;
				CLANG_WARN_DEPRECATED_OBJC_IMPLEMENTATIONS = YES;
				CLANG_WARN_DIRECT_OBJC_ISA_USAGE = YES_ERROR;
				CLANG_WARN_DOCUMENTATION_COMMENTS = YES;
				CLANG_WARN_EMPTY_BODY = YES;
				CLANG_WARN_ENUM_CONVERSION = YES;
				CLANG_WARN_INFINITE_RECURSION = YES;
				CLANG_WARN_INT_CONVERSION = YES;
				CLANG_WARN_NON_LITERAL_NULL_CONVERSION = YES;
				CLANG_WARN_OBJC_IMPLICIT_RETAIN_SELF = YES;
				CLANG_WARN_OBJC_LITERAL_CONVERSION = YES;
				CLANG_WARN_OBJC_ROOT_CLASS = YES_ERROR;
				CLANG_WARN_QUOTED_INCLUDE_IN_FRAMEWORK_HEADER = YES;
				CLANG_WARN_RANGE_LOOP_ANALYSIS = YES;
				CLANG_WARN_STRICT_PROTOTYPES = YES;
				CLANG_WARN_SUSPICIOUS_MOVE = YES;
				CLANG_WARN_UNGUARDED_AVAILABILITY = YES_AGGRESSIVE;
				CLANG_WARN_UNREACHABLE_CODE = YES;
				CLANG_WARN__DUPLICATE_METHOD_MATCH = YES;
				COPY_PHASE_STRIP = NO;
				DEBUG_INFORMATION_FORMAT = dwarf;
				DEVELOPMENT_TEAM = 5CVC747G34;
				ENABLE_STRICT_OBJC_MSGSEND = YES;
				ENABLE_TESTABILITY = YES;
				ENABLE_USER_SCRIPT_SANDBOXING = YES;
				GCC_C_LANGUAGE_STANDARD = gnu17;
				GCC_DYNAMIC_NO_PIC = NO;
				GCC_NO_COMMON_BLOCKS = YES;
				GCC_OPTIMIZATION_LEVEL = 0;
				GCC_PREPROCESSOR_DEFINITIONS = (
					"DEBUG=1",
					"$(inherited)",
				);
				GCC_WARN_64_TO_32_BIT_CONVERSION = YES;
				GCC_WARN_ABOUT_RETURN_TYPE = YES_ERROR;
				GCC_WARN_UNDECLARED_SELECTOR = YES;
				GCC_WARN_UNINITIALIZED_AUTOS = YES_AGGRESSIVE;
				GCC_WARN_UNUSED_FUNCTION = YES;
				GCC_WARN_UNUSED_VARIABLE = YES;
				IPHONEOS_DEPLOYMENT_TARGET = 18.4;
				LOCALIZATION_PREFERS_STRING_CATALOGS = YES;
				MTL_ENABLE_DEBUG_INFO = INCLUDE_SOURCE;
				MTL_FAST_MATH = YES;
				ONLY_ACTIVE_ARCH = YES;
				SDKROOT = iphoneos;
				SWIFT_ACTIVE_COMPILATION_CONDITIONS = "DEBUG $(inherited)";
				SWIFT_OPTIMIZATION_LEVEL = "-Onone";
			};
			name = Debug;
		};
		AB32ECBE2DE72A600067D365 /* Release */ = {
			isa = XCBuildConfiguration;
			buildSettings = {
				ALWAYS_SEARCH_USER_PATHS = NO;
				ASSETCATALOG_COMPILER_GENERATE_SWIFT_ASSET_SYMBOL_EXTENSIONS = YES;
				CLANG_ANALYZER_NONNULL = YES;
				CLANG_ANALYZER_NUMBER_OBJECT_CONVERSION = YES_AGGRESSIVE;
				CLANG_CXX_LANGUAGE_STANDARD = "gnu++20";
				CLANG_ENABLE_MODULES = YES;
				CLANG_ENABLE_OBJC_ARC = YES;
				CLANG_ENABLE_OBJC_WEAK = YES;
				CLANG_WARN_BLOCK_CAPTURE_AUTORELEASING = YES;
				CLANG_WARN_BOOL_CONVERSION = YES;
				CLANG_WARN_COMMA = YES;
				CLANG_WARN_CONSTANT_CONVERSION = YES;
				CLANG_WARN_DEPRECATED_OBJC_IMPLEMENTATIONS = YES;
				CLANG_WARN_DIRECT_OBJC_ISA_USAGE = YES_ERROR;
				CLANG_WARN_DOCUMENTATION_COMMENTS = YES;
				CLANG_WARN_EMPTY_BODY = YES;
				CLANG_WARN_ENUM_CONVERSION = YES;
				CLANG_WARN_INFINITE_RECURSION = YES;
				CLANG_WARN_INT_CONVERSION = YES;
				CLANG_WARN_NON_LITERAL_NULL_CONVERSION = YES;
				CLANG_WARN_OBJC_IMPLICIT_RETAIN_SELF = YES;
				CLANG_WARN_OBJC_LITERAL_CONVERSION = YES;
				CLANG_WARN_OBJC_ROOT_CLASS = YES_ERROR;
				CLANG_WARN_QUOTED_INCLUDE_IN_FRAMEWORK_HEADER = YES;
				CLANG_WARN_RANGE_LOOP_ANALYSIS = YES;
				CLANG_WARN_STRICT_PROTOTYPES = YES;
				CLANG_WARN_SUSPICIOUS_MOVE = YES;
				CLANG_WARN_UNGUARDED_AVAILABILITY = YES_AGGRESSIVE;
				CLANG_WARN_UNREACHABLE_CODE = YES;
				CLANG_WARN__DUPLICATE_METHOD_MATCH = YES;
				COPY_PHASE_STRIP = NO;
				DEBUG_INFORMATION_FORMAT = "dwarf-with-dsym";
				DEVELOPMENT_TEAM = 5CVC747G34;
				ENABLE_NS_ASSERTIONS = NO;
				ENABLE_STRICT_OBJC_MSGSEND = YES;
				ENABLE_USER_SCRIPT_SANDBOXING = YES;
				GCC_C_LANGUAGE_STANDARD = gnu17;
				GCC_NO_COMMON_BLOCKS = YES;
				GCC_WARN_64_TO_32_BIT_CONVERSION = YES;
				GCC_WARN_ABOUT_RETURN_TYPE = YES_ERROR;
				GCC_WARN_UNDECLARED_SELECTOR = YES;
				GCC_WARN_UNINITIALIZED_AUTOS = YES_AGGRESSIVE;
				GCC_WARN_UNUSED_FUNCTION = YES;
				GCC_WARN_UNUSED_VARIABLE = YES;
				IPHONEOS_DEPLOYMENT_TARGET = 18.4;
				LOCALIZATION_PREFERS_STRING_CATALOGS = YES;
				MTL_ENABLE_DEBUG_INFO = NO;
				MTL_FAST_MATH = YES;
				SDKROOT = iphoneos;
				SWIFT_COMPILATION_MODE = wholemodule;
				VALIDATE_PRODUCT = YES;
			};
			name = Release;
		};
		AB32ECC02DE72A600067D365 /* Debug */ = {
			isa = XCBuildConfiguration;
			buildSettings = {
				ASSETCATALOG_COMPILER_APPICON_NAME = AppIcon;
				ASSETCATALOG_COMPILER_GLOBAL_ACCENT_COLOR_NAME = AccentColor;
				CODE_SIGN_STYLE = Automatic;
				CURRENT_PROJECT_VERSION = 1;
				DEVELOPMENT_TEAM = 5CVC747G34;
				ENABLE_PREVIEWS = YES;
				GENERATE_INFOPLIST_FILE = YES;
				INFOPLIST_KEY_UIApplicationSceneManifest_Generation = YES;
				INFOPLIST_KEY_UIApplicationSupportsIndirectInputEvents = YES;
				INFOPLIST_KEY_UILaunchScreen_Generation = YES;
				INFOPLIST_KEY_UISupportedInterfaceOrientations_iPad = "UIInterfaceOrientationPortrait UIInterfaceOrientationPortraitUpsideDown UIInterfaceOrientationLandscapeLeft UIInterfaceOrientationLandscapeRight";
				INFOPLIST_KEY_UISupportedInterfaceOrientations_iPhone = "UIInterfaceOrientationPortrait UIInterfaceOrientationLandscapeLeft UIInterfaceOrientationLandscapeRight";
				LD_RUNPATH_SEARCH_PATHS = (
					"$(inherited)",
					"@executable_path/Frameworks",
				);
				MARKETING_VERSION = 1.0;
				PRODUCT_BUNDLE_IDENTIFIER = ex.Nexus;
				PRODUCT_NAME = "$(TARGET_NAME)";
				SWIFT_EMIT_LOC_STRINGS = YES;
				SWIFT_VERSION = 5.0;
				TARGETED_DEVICE_FAMILY = "1,2";
			};
			name = Debug;
		};
		AB32ECC12DE72A600067D365 /* Release */ = {
			isa = XCBuildConfiguration;
			buildSettings = {
				ASSETCATALOG_COMPILER_APPICON_NAME = AppIcon;
				ASSETCATALOG_COMPILER_GLOBAL_ACCENT_COLOR_NAME = AccentColor;
				CODE_SIGN_STYLE = Automatic;
				CURRENT_PROJECT_VERSION = 1;
				DEVELOPMENT_TEAM = 5CVC747G34;
				ENABLE_PREVIEWS = YES;
				GENERATE_INFOPLIST_FILE = YES;
				INFOPLIST_KEY_UIApplicationSceneManifest_Generation = YES;
				INFOPLIST_KEY_UIApplicationSupportsIndirectInputEvents = YES;
				INFOPLIST_KEY_UILaunchScreen_Generation = YES;
				INFOPLIST_KEY_UISupportedInterfaceOrientations_iPad = "UIInterfaceOrientationPortrait UIInterfaceOrientationPortraitUpsideDown UIInterfaceOrientationLandscapeLeft UIInterfaceOrientationLandscapeRight";
				INFOPLIST_KEY_UISupportedInterfaceOrientations_iPhone = "UIInterfaceOrientationPortrait UIInterfaceOrientationLandscapeLeft UIInterfaceOrientationLandscapeRight";
				LD_RUNPATH_SEARCH_PATHS = (
					"$(inherited)",
					"@executable_path/Frameworks",
				);
				MARKETING_VERSION = 1.0;
				PRODUCT_BUNDLE_IDENTIFIER = ex.Nexus;
				PRODUCT_NAME = "$(TARGET_NAME)";
				SWIFT_EMIT_LOC_STRINGS = YES;
				SWIFT_VERSION = 5.0;
				TARGETED_DEVICE_FAMILY = "1,2";
			};
			name = Release;
		};
		AB32ECC32DE72A600067D365 /* Debug */ = {
			isa = XCBuildConfiguration;
			buildSettings = {
				BUNDLE_LOADER = "$(TEST_HOST)";
				CODE_SIGN_STYLE = Automatic;
				CURRENT_PROJECT_VERSION = 1;
				DEVELOPMENT_TEAM = 5CVC747G34;
				GENERATE_INFOPLIST_FILE = YES;
				IPHONEOS_DEPLOYMENT_TARGET = 18.4;
				MARKETING_VERSION = 1.0;
				PRODUCT_BUNDLE_IDENTIFIER = ex.NexusTests;
				PRODUCT_NAME = "$(TARGET_NAME)";
				SWIFT_EMIT_LOC_STRINGS = NO;
				SWIFT_VERSION = 5.0;
				TARGETED_DEVICE_FAMILY = "1,2";
				TEST_HOST = "$(BUILT_PRODUCTS_DIR)/Nexus.app/$(BUNDLE_EXECUTABLE_FOLDER_PATH)/Nexus";
			};
			name = Debug;
		};
		AB32ECC42DE72A600067D365 /* Release */ = {
			isa = XCBuildConfiguration;
			buildSettings = {
				BUNDLE_LOADER = "$(TEST_HOST)";
				CODE_SIGN_STYLE = Automatic;
				CURRENT_PROJECT_VERSION = 1;
				DEVELOPMENT_TEAM = 5CVC747G34;
				GENERATE_INFOPLIST_FILE = YES;
				IPHONEOS_DEPLOYMENT_TARGET = 18.4;
				MARKETING_VERSION = 1.0;
				PRODUCT_BUNDLE_IDENTIFIER = ex.NexusTests;
				PRODUCT_NAME = "$(TARGET_NAME)";
				SWIFT_EMIT_LOC_STRINGS = NO;
				SWIFT_VERSION = 5.0;
				TARGETED_DEVICE_FAMILY = "1,2";
				TEST_HOST = "$(BUILT_PRODUCTS_DIR)/Nexus.app/$(BUNDLE_EXECUTABLE_FOLDER_PATH)/Nexus";
			};
			name = Release;
		};
		AB32ECC62DE72A600067D365 /* Debug */ = {
			isa = XCBuildConfiguration;
			buildSettings = {
				CODE_SIGN_STYLE = Automatic;
				CURRENT_PROJECT_VERSION = 1;
				DEVELOPMENT_TEAM = 5CVC747G34;
				GENERATE_INFOPLIST_FILE = YES;
				MARKETING_VERSION = 1.0;
				PRODUCT_BUNDLE_IDENTIFIER = ex.NexusUITests;
				PRODUCT_NAME = "$(TARGET_NAME)";
				SWIFT_EMIT_LOC_STRINGS = NO;
				SWIFT_VERSION = 5.0;
				TARGETED_DEVICE_FAMILY = "1,2";
				TEST_TARGET_NAME = Nexus;
			};
			name = Debug;
		};
		AB32ECC72DE72A600067D365 /* Release */ = {
			isa = XCBuildConfiguration;
			buildSettings = {
				CODE_SIGN_STYLE = Automatic;
				CURRENT_PROJECT_VERSION = 1;
				DEVELOPMENT_TEAM = 5CVC747G34;
				GENERATE_INFOPLIST_FILE = YES;
				MARKETING_VERSION = 1.0;
				PRODUCT_BUNDLE_IDENTIFIER = ex.NexusUITests;
				PRODUCT_NAME = "$(TARGET_NAME)";
				SWIFT_EMIT_LOC_STRINGS = NO;
				SWIFT_VERSION = 5.0;
				TARGETED_DEVICE_FAMILY = "1,2";
				TEST_TARGET_NAME = Nexus;
			};
			name = Release;
		};
/* End XCBuildConfiguration section */

/* Begin XCConfigurationList section */
		AB32EC992DE72A5F0067D365 /* Build configuration list for PBXProject "Nexus" */ = {
			isa = XCConfigurationList;
			buildConfigurations = (
				AB32ECBD2DE72A600067D365 /* Debug */,
				AB32ECBE2DE72A600067D365 /* Release */,
			);
			defaultConfigurationIsVisible = 0;
			defaultConfigurationName = Release;
		};
		AB32ECBF2DE72A600067D365 /* Build configuration list for PBXNativeTarget "Nexus" */ = {
			isa = XCConfigurationList;
			buildConfigurations = (
				AB32ECC02DE72A600067D365 /* Debug */,
				AB32ECC12DE72A600067D365 /* Release */,
			);
			defaultConfigurationIsVisible = 0;
			defaultConfigurationName = Release;
		};
		AB32ECC22DE72A600067D365 /* Build configuration list for PBXNativeTarget "NexusTests" */ = {
			isa = XCConfigurationList;
			buildConfigurations = (
				AB32ECC32DE72A600067D365 /* Debug */,
				AB32ECC42DE72A600067D365 /* Release */,
			);
			defaultConfigurationIsVisible = 0;
			defaultConfigurationName = Release;
		};
		AB32ECC52DE72A600067D365 /* Build configuration list for PBXNativeTarget "NexusUITests" */ = {
			isa = XCConfigurationList;
			buildConfigurations = (
				AB32ECC62DE72A600067D365 /* Debug */,
				AB32ECC72DE72A600067D365 /* Release */,
			);
			defaultConfigurationIsVisible = 0;
			defaultConfigurationName = Release;
		};
/* End XCConfigurationList section */

/* Begin XCRemoteSwiftPackageReference section */
		AB4426292DEDF2CA0044EB31 /* XCRemoteSwiftPackageReference "firebase-ios-sdk" */ = {
			isa = XCRemoteSwiftPackageReference;
			repositoryURL = "https://github.com/firebase/firebase-ios-sdk";
			requirement = {
				kind = upToNextMajorVersion;
				minimumVersion = 11.13.0;
			};
		};
/* End XCRemoteSwiftPackageReference section */

/* Begin XCSwiftPackageProductDependency section */
		AB44262A2DEDF2CA0044EB31 /* FirebaseAuth */ = {
			isa = XCSwiftPackageProductDependency;
			package = AB4426292DEDF2CA0044EB31 /* XCRemoteSwiftPackageReference "firebase-ios-sdk" */;
			productName = FirebaseAuth;
		};
		AB44262C2DEDF2CA0044EB31 /* FirebaseFirestore */ = {
			isa = XCSwiftPackageProductDependency;
			package = AB4426292DEDF2CA0044EB31 /* XCRemoteSwiftPackageReference "firebase-ios-sdk" */;
			productName = FirebaseFirestore;
		};
		AB44262E2DEDF2CA0044EB31 /* FirebaseStorage */ = {
			isa = XCSwiftPackageProductDependency;
			package = AB4426292DEDF2CA0044EB31 /* XCRemoteSwiftPackageReference "firebase-ios-sdk" */;
			productName = FirebaseStorage;
		};
/* End XCSwiftPackageProductDependency section */
	};
	rootObject = AB32EC962DE72A5F0067D365 /* Project object */;
}
